// !$*UTF8*$!
{
	archiveVersion = 1;
	classes = {
	};
	objectVersion = 46;
	objects = {

/* Begin PBXBuildFile section */
		18BEC7F21B7A0EB60011943C /* main.m in Sources */ = {isa = PBXBuildFile; fileRef = 18BEC7F11B7A0EB60011943C /* main.m */; };
		18BEC7F51B7A0EB60011943C /* AppDelegate.m in Sources */ = {isa = PBXBuildFile; fileRef = 18BEC7F41B7A0EB60011943C /* AppDelegate.m */; };
		18BEC7FD1B7A0EB60011943C /* Images.xcassets in Resources */ = {isa = PBXBuildFile; fileRef = 18BEC7FC1B7A0EB60011943C /* Images.xcassets */; };
		18BEC8001B7A0EB60011943C /* LaunchScreen.xib in Resources */ = {isa = PBXBuildFile; fileRef = 18BEC7FE1B7A0EB60011943C /* LaunchScreen.xib */; };
		18BEC80C1B7A0EB60011943C /* HypnoNerdTests.m in Sources */ = {isa = PBXBuildFile; fileRef = 18BEC80B1B7A0EB60011943C /* HypnoNerdTests.m */; };
		18BEC8171B7A0EE70011943C /* HypnosisView.m in Sources */ = {isa = PBXBuildFile; fileRef = 18BEC8161B7A0EE70011943C /* HypnosisView.m */; };
		18BEC81A1B7A0FDF0011943C /* HypnosisViewController.m in Sources */ = {isa = PBXBuildFile; fileRef = 18BEC8191B7A0FDF0011943C /* HypnosisViewController.m */; };
		18BEC81D1B7A148E0011943C /* ReminderViewController.m in Sources */ = {isa = PBXBuildFile; fileRef = 18BEC81C1B7A148E0011943C /* ReminderViewController.m */; };
		18BEC81F1B7A160B0011943C /* ReminderViewController.xib in Resources */ = {isa = PBXBuildFile; fileRef = 18BEC81E1B7A160B0011943C /* ReminderViewController.xib */; };
		18C618391B7B580300D85215 /* QuizViewController.m in Sources */ = {isa = PBXBuildFile; fileRef = 18C618371B7B580300D85215 /* QuizViewController.m */; };
		18C6183A1B7B580300D85215 /* QuizViewController.xib in Resources */ = {isa = PBXBuildFile; fileRef = 18C618381B7B580300D85215 /* QuizViewController.xib */; };
/* End PBXBuildFile section */

/* Begin PBXContainerItemProxy section */
		18BEC8061B7A0EB60011943C /* PBXContainerItemProxy */ = {
			isa = PBXContainerItemProxy;
			containerPortal = 18BEC7E41B7A0EB60011943C /* Project object */;
			proxyType = 1;
			remoteGlobalIDString = 18BEC7EB1B7A0EB60011943C;
			remoteInfo = HypnoNerd;
		};
/* End PBXContainerItemProxy section */

/* Begin PBXFileReference section */
		18BEC7EC1B7A0EB60011943C /* HypnoNerd.app */ = {isa = PBXFileReference; explicitFileType = wrapper.application; includeInIndex = 0; path = HypnoNerd.app; sourceTree = BUILT_PRODUCTS_DIR; };
		18BEC7F01B7A0EB60011943C /* Info.plist */ = {isa = PBXFileReference; lastKnownFileType = text.plist.xml; path = Info.plist; sourceTree = "<group>"; };
		18BEC7F11B7A0EB60011943C /* main.m */ = {isa = PBXFileReference; lastKnownFileType = sourcecode.c.objc; path = main.m; sourceTree = "<group>"; };
		18BEC7F31B7A0EB60011943C /* AppDelegate.h */ = {isa = PBXFileReference; lastKnownFileType = sourcecode.c.h; path = AppDelegate.h; sourceTree = "<group>"; };
		18BEC7F41B7A0EB60011943C /* AppDelegate.m */ = {isa = PBXFileReference; lastKnownFileType = sourcecode.c.objc; path = AppDelegate.m; sourceTree = "<group>"; };
		18BEC7FC1B7A0EB60011943C /* Images.xcassets */ = {isa = PBXFileReference; lastKnownFileType = folder.assetcatalog; path = Images.xcassets; sourceTree = "<group>"; };
		18BEC7FF1B7A0EB60011943C /* Base */ = {isa = PBXFileReference; lastKnownFileType = file.xib; name = Base; path = Base.lproj/LaunchScreen.xib; sourceTree = "<group>"; };
		18BEC8051B7A0EB60011943C /* HypnoNerdTests.xctest */ = {isa = PBXFileReference; explicitFileType = wrapper.cfbundle; includeInIndex = 0; path = HypnoNerdTests.xctest; sourceTree = BUILT_PRODUCTS_DIR; };
		18BEC80A1B7A0EB60011943C /* Info.plist */ = {isa = PBXFileReference; lastKnownFileType = text.plist.xml; path = Info.plist; sourceTree = "<group>"; };
		18BEC80B1B7A0EB60011943C /* HypnoNerdTests.m */ = {isa = PBXFileReference; lastKnownFileType = sourcecode.c.objc; path = HypnoNerdTests.m; sourceTree = "<group>"; };
		18BEC8151B7A0EE70011943C /* HypnosisView.h */ = {isa = PBXFileReference; fileEncoding = 4; lastKnownFileType = sourcecode.c.h; path = HypnosisView.h; sourceTree = "<group>"; };
		18BEC8161B7A0EE70011943C /* HypnosisView.m */ = {isa = PBXFileReference; fileEncoding = 4; lastKnownFileType = sourcecode.c.objc; path = HypnosisView.m; sourceTree = "<group>"; };
		18BEC8181B7A0FDF0011943C /* HypnosisViewController.h */ = {isa = PBXFileReference; fileEncoding = 4; lastKnownFileType = sourcecode.c.h; path = HypnosisViewController.h; sourceTree = "<group>"; };
		18BEC8191B7A0FDF0011943C /* HypnosisViewController.m */ = {isa = PBXFileReference; fileEncoding = 4; lastKnownFileType = sourcecode.c.objc; path = HypnosisViewController.m; sourceTree = "<group>"; };
		18BEC81B1B7A148E0011943C /* ReminderViewController.h */ = {isa = PBXFileReference; fileEncoding = 4; lastKnownFileType = sourcecode.c.h; path = ReminderViewController.h; sourceTree = "<group>"; };
		18BEC81C1B7A148E0011943C /* ReminderViewController.m */ = {isa = PBXFileReference; fileEncoding = 4; lastKnownFileType = sourcecode.c.objc; path = ReminderViewController.m; sourceTree = "<group>"; };
		18BEC81E1B7A160B0011943C /* ReminderViewController.xib */ = {isa = PBXFileReference; fileEncoding = 4; lastKnownFileType = file.xib; path = ReminderViewController.xib; sourceTree = "<group>"; };
		18C618361B7B580300D85215 /* QuizViewController.h */ = {isa = PBXFileReference; fileEncoding = 4; lastKnownFileType = sourcecode.c.h; path = QuizViewController.h; sourceTree = "<group>"; };
		18C618371B7B580300D85215 /* QuizViewController.m */ = {isa = PBXFileReference; fileEncoding = 4; lastKnownFileType = sourcecode.c.objc; path = QuizViewController.m; sourceTree = "<group>"; };
		18C618381B7B580300D85215 /* QuizViewController.xib */ = {isa = PBXFileReference; fileEncoding = 4; lastKnownFileType = file.xib; path = QuizViewController.xib; sourceTree = "<group>"; };
/* End PBXFileReference section */

/* Begin PBXFrameworksBuildPhase section */
		18BEC7E91B7A0EB60011943C /* Frameworks */ = {
			isa = PBXFrameworksBuildPhase;
			buildActionMask = 2147483647;
			files = (
			);
			runOnlyForDeploymentPostprocessing = 0;
		};
		18BEC8021B7A0EB60011943C /* Frameworks */ = {
			isa = PBXFrameworksBuildPhase;
			buildActionMask = 2147483647;
			files = (
			);
			runOnlyForDeploymentPostprocessing = 0;
		};
/* End PBXFrameworksBuildPhase section */

/* Begin PBXGroup section */
		18BEC7E31B7A0EB60011943C = {
			isa = PBXGroup;
			children = (
				18BEC7EE1B7A0EB60011943C /* HypnoNerd */,
				18BEC8081B7A0EB60011943C /* HypnoNerdTests */,
				18BEC7ED1B7A0EB60011943C /* Products */,
			);
			sourceTree = "<group>";
		};
		18BEC7ED1B7A0EB60011943C /* Products */ = {
			isa = PBXGroup;
			children = (
				18BEC7EC1B7A0EB60011943C /* HypnoNerd.app */,
				18BEC8051B7A0EB60011943C /* HypnoNerdTests.xctest */,
			);
			name = Products;
			sourceTree = "<group>";
		};
		18BEC7EE1B7A0EB60011943C /* HypnoNerd */ = {
			isa = PBXGroup;
			children = (
				18BEC7F31B7A0EB60011943C /* AppDelegate.h */,
				18BEC7F41B7A0EB60011943C /* AppDelegate.m */,
				18BEC81E1B7A160B0011943C /* ReminderViewController.xib */,
				18BEC81B1B7A148E0011943C /* ReminderViewController.h */,
				18BEC81C1B7A148E0011943C /* ReminderViewController.m */,
				18BEC8151B7A0EE70011943C /* HypnosisView.h */,
				18BEC8161B7A0EE70011943C /* HypnosisView.m */,
				18BEC8181B7A0FDF0011943C /* HypnosisViewController.h */,
				18BEC8191B7A0FDF0011943C /* HypnosisViewController.m */,
				18C618361B7B580300D85215 /* QuizViewController.h */,
				18C618371B7B580300D85215 /* QuizViewController.m */,
				18C618381B7B580300D85215 /* QuizViewController.xib */,
				18BEC7FC1B7A0EB60011943C /* Images.xcassets */,
				18BEC7FE1B7A0EB60011943C /* LaunchScreen.xib */,
				18BEC7EF1B7A0EB60011943C /* Supporting Files */,
			);
			path = HypnoNerd;
			sourceTree = "<group>";
		};
		18BEC7EF1B7A0EB60011943C /* Supporting Files */ = {
			isa = PBXGroup;
			children = (
				18BEC7F01B7A0EB60011943C /* Info.plist */,
				18BEC7F11B7A0EB60011943C /* main.m */,
			);
			name = "Supporting Files";
			sourceTree = "<group>";
		};
		18BEC8081B7A0EB60011943C /* HypnoNerdTests */ = {
			isa = PBXGroup;
			children = (
				18BEC80B1B7A0EB60011943C /* HypnoNerdTests.m */,
				18BEC8091B7A0EB60011943C /* Supporting Files */,
			);
			path = HypnoNerdTests;
			sourceTree = "<group>";
		};
		18BEC8091B7A0EB60011943C /* Supporting Files */ = {
			isa = PBXGroup;
			children = (
				18BEC80A1B7A0EB60011943C /* Info.plist */,
			);
			name = "Supporting Files";
			sourceTree = "<group>";
		};
/* End PBXGroup section */

/* Begin PBXNativeTarget section */
		18BEC7EB1B7A0EB60011943C /* HypnoNerd */ = {
			isa = PBXNativeTarget;
			buildConfigurationList = 18BEC80F1B7A0EB60011943C /* Build configuration list for PBXNativeTarget "HypnoNerd" */;
			buildPhases = (
				18BEC7E81B7A0EB60011943C /* Sources */,
				18BEC7E91B7A0EB60011943C /* Frameworks */,
				18BEC7EA1B7A0EB60011943C /* Resources */,
			);
			buildRules = (
			);
			dependencies = (
			);
			name = HypnoNerd;
			productName = HypnoNerd;
			productReference = 18BEC7EC1B7A0EB60011943C /* HypnoNerd.app */;
			productType = "com.apple.product-type.application";
		};
		18BEC8041B7A0EB60011943C /* HypnoNerdTests */ = {
			isa = PBXNativeTarget;
			buildConfigurationList = 18BEC8121B7A0EB60011943C /* Build configuration list for PBXNativeTarget "HypnoNerdTests" */;
			buildPhases = (
				18BEC8011B7A0EB60011943C /* Sources */,
				18BEC8021B7A0EB60011943C /* Frameworks */,
				18BEC8031B7A0EB60011943C /* Resources */,
			);
			buildRules = (
			);
			dependencies = (
				18BEC8071B7A0EB60011943C /* PBXTargetDependency */,
			);
			name = HypnoNerdTests;
			productName = HypnoNerdTests;
			productReference = 18BEC8051B7A0EB60011943C /* HypnoNerdTests.xctest */;
			productType = "com.apple.product-type.bundle.unit-test";
		};
/* End PBXNativeTarget section */

/* Begin PBXProject section */
		18BEC7E41B7A0EB60011943C /* Project object */ = {
			isa = PBXProject;
			attributes = {
				LastUpgradeCheck = 0640;
				ORGANIZATIONNAME = futantan;
				TargetAttributes = {
					18BEC7EB1B7A0EB60011943C = {
						CreatedOnToolsVersion = 6.4;
					};
					18BEC8041B7A0EB60011943C = {
						CreatedOnToolsVersion = 6.4;
						TestTargetID = 18BEC7EB1B7A0EB60011943C;
					};
				};
			};
			buildConfigurationList = 18BEC7E71B7A0EB60011943C /* Build configuration list for PBXProject "HypnoNerd" */;
			compatibilityVersion = "Xcode 3.2";
			developmentRegion = English;
			hasScannedForEncodings = 0;
			knownRegions = (
				en,
				Base,
			);
			mainGroup = 18BEC7E31B7A0EB60011943C;
			productRefGroup = 18BEC7ED1B7A0EB60011943C /* Products */;
			projectDirPath = "";
			projectRoot = "";
			targets = (
				18BEC7EB1B7A0EB60011943C /* HypnoNerd */,
				18BEC8041B7A0EB60011943C /* HypnoNerdTests */,
			);
		};
/* End PBXProject section */

/* Begin PBXResourcesBuildPhase section */
		18BEC7EA1B7A0EB60011943C /* Resources */ = {
			isa = PBXResourcesBuildPhase;
			buildActionMask = 2147483647;
			files = (
				18BEC8001B7A0EB60011943C /* LaunchScreen.xib in Resources */,
				18BEC81F1B7A160B0011943C /* ReminderViewController.xib in Resources */,
				18BEC7FD1B7A0EB60011943C /* Images.xcassets in Resources */,
				18C6183A1B7B580300D85215 /* QuizViewController.xib in Resources */,
			);
			runOnlyForDeploymentPostprocessing = 0;
		};
		18BEC8031B7A0EB60011943C /* Resources */ = {
			isa = PBXResourcesBuildPhase;
			buildActionMask = 2147483647;
			files = (
			);
			runOnlyForDeploymentPostprocessing = 0;
		};
/* End PBXResourcesBuildPhase section */

/* Begin PBXSourcesBuildPhase section */
		18BEC7E81B7A0EB60011943C /* Sources */ = {
			isa = PBXSourcesBuildPhase;
			buildActionMask = 2147483647;
			files = (
				18BEC8171B7A0EE70011943C /* HypnosisView.m in Sources */,
				18BEC7F51B7A0EB60011943C /* AppDelegate.m in Sources */,
				18BEC7F21B7A0EB60011943C /* main.m in Sources */,
				18BEC81A1B7A0FDF0011943C /* HypnosisViewController.m in Sources */,
				18BEC81D1B7A148E0011943C /* ReminderViewController.m in Sources */,
				18C618391B7B580300D85215 /* QuizViewController.m in Sources */,
			);
			runOnlyForDeploymentPostprocessing = 0;
		};
		18BEC8011B7A0EB60011943C /* Sources */ = {
			isa = PBXSourcesBuildPhase;
			buildActionMask = 2147483647;
			files = (
				18BEC80C1B7A0EB60011943C /* HypnoNerdTests.m in Sources */,
			);
			runOnlyForDeploymentPostprocessing = 0;
		};
/* End PBXSourcesBuildPhase section */

/* Begin PBXTargetDependency section */
		18BEC8071B7A0EB60011943C /* PBXTargetDependency */ = {
			isa = PBXTargetDependency;
			target = 18BEC7EB1B7A0EB60011943C /* HypnoNerd */;
			targetProxy = 18BEC8061B7A0EB60011943C /* PBXContainerItemProxy */;
		};
/* End PBXTargetDependency section */

/* Begin PBXVariantGroup section */
		18BEC7FE1B7A0EB60011943C /* LaunchScreen.xib */ = {
			isa = PBXVariantGroup;
			children = (
				18BEC7FF1B7A0EB60011943C /* Base */,
			);
			name = LaunchScreen.xib;
			sourceTree = "<group>";
		};
/* End PBXVariantGroup section */

/* Begin XCBuildConfiguration section */
		18BEC80D1B7A0EB60011943C /* Debug */ = {
			isa = XCBuildConfiguration;
			buildSettings = {
				ALWAYS_SEARCH_USER_PATHS = NO;
				CLANG_CXX_LANGUAGE_STANDARD = "gnu++0x";
				CLANG_CXX_LIBRARY = "libc++";
				CLANG_ENABLE_MODULES = YES;
				CLANG_ENABLE_OBJC_ARC = YES;
				CLANG_WARN_BOOL_CONVERSION = YES;
				CLANG_WARN_CONSTANT_CONVERSION = YES;
				CLANG_WARN_DIRECT_OBJC_ISA_USAGE = YES_ERROR;
				CLANG_WARN_EMPTY_BODY = YES;
				CLANG_WARN_ENUM_CONVERSION = YES;
				CLANG_WARN_INT_CONVERSION = YES;
				CLANG_WARN_OBJC_ROOT_CLASS = YES_ERROR;
				CLANG_WARN_UNREACHABLE_CODE = YES;
				CLANG_WARN__DUPLICATE_METHOD_MATCH = YES;
				"CODE_SIGN_IDENTITY[sdk=iphoneos*]" = "iPhone Developer";
				COPY_PHASE_STRIP = NO;
				DEBUG_INFORMATION_FORMAT = "dwarf-with-dsym";
				ENABLE_STRICT_OBJC_MSGSEND = YES;
				GCC_C_LANGUAGE_STANDARD = gnu99;
				GCC_DYNAMIC_NO_PIC = NO;
				GCC_NO_COMMON_BLOCKS = YES;
				GCC_OPTIMIZATION_LEVEL = 0;
				GCC_PREPROCESSOR_DEFINITIONS = (
					"DEBUG=1",
					"$(inherited)",
				);
				GCC_SYMBOLS_PRIVATE_EXTERN = NO;
				GCC_WARN_64_TO_32_BIT_CONVERSION = YES;
				GCC_WARN_ABOUT_RETURN_TYPE = YES_ERROR;
				GCC_WARN_UNDECLARED_SELECTOR = YES;
				GCC_WARN_UNINITIALIZED_AUTOS = YES_AGGRESSIVE;
				GCC_WARN_UNUSED_FUNCTION = YES;
				GCC_WARN_UNUSED_VARIABLE = YES;
				IPHONEOS_DEPLOYMENT_TARGET = 8.4;
				MTL_ENABLE_DEBUG_INFO = YES;
				ONLY_ACTIVE_ARCH = YES;
				SDKROOT = iphoneos;
			};
			name = Debug;
		};
		18BEC80E1B7A0EB60011943C /* Release */ = {
			isa = XCBuildConfiguration;
			buildSettings = {
				ALWAYS_SEARCH_USER_PATHS = NO;
				CLANG_CXX_LANGUAGE_STANDARD = "gnu++0x";
				CLANG_CXX_LIBRARY = "libc++";
				CLANG_ENABLE_MODULES = YES;
				CLANG_ENABLE_OBJC_ARC = YES;
				CLANG_WARN_BOOL_CONVERSION = YES;
				CLANG_WARN_CONSTANT_CONVERSION = YES;
				CLANG_WARN_DIRECT_OBJC_ISA_USAGE = YES_ERROR;
				CLANG_WARN_EMPTY_BODY = YES;
				CLANG_WARN_ENUM_CONVERSION = YES;
				CLANG_WARN_INT_CONVERSION = YES;
				CLANG_WARN_OBJC_ROOT_CLASS = YES_ERROR;
				CLANG_WARN_UNREACHABLE_CODE = YES;
				CLANG_WARN__DUPLICATE_METHOD_MATCH = YES;
				"CODE_SIGN_IDENTITY[sdk=iphoneos*]" = "iPhone Developer";
				COPY_PHASE_STRIP = NO;
				DEBUG_INFORMATION_FORMAT = "dwarf-with-dsym";
				ENABLE_NS_ASSERTIONS = NO;
				ENABLE_STRICT_OBJC_MSGSEND = YES;
				GCC_C_LANGUAGE_STANDARD = gnu99;
				GCC_NO_COMMON_BLOCKS = YES;
				GCC_WARN_64_TO_32_BIT_CONVERSION = YES;
				GCC_WARN_ABOUT_RETURN_TYPE = YES_ERROR;
				GCC_WARN_UNDECLARED_SELECTOR = YES;
				GCC_WARN_UNINITIALIZED_AUTOS = YES_AGGRESSIVE;
				GCC_WARN_UNUSED_FUNCTION = YES;
				GCC_WARN_UNUSED_VARIABLE = YES;
				IPHONEOS_DEPLOYMENT_TARGET = 8.4;
				MTL_ENABLE_DEBUG_INFO = NO;
				SDKROOT = iphoneos;
				VALIDATE_PRODUCT = YES;
			};
			name = Release;
		};
		18BEC8101B7A0EB60011943C /* Debug */ = {
			isa = XCBuildConfiguration;
			buildSettings = {
				ASSETCATALOG_COMPILER_APPICON_NAME = AppIcon;
				INFOPLIST_FILE = HypnoNerd/Info.plist;
				LD_RUNPATH_SEARCH_PATHS = "$(inherited) @executable_path/Frameworks";
				PRODUCT_NAME = "$(TARGET_NAME)";
			};
			name = Debug;
		};
		18BEC8111B7A0EB60011943C /* Release */ = {
			isa = XCBuildConfiguration;
			buildSettings = {
				ASSETCATALOG_COMPILER_APPICON_NAME = AppIcon;
				INFOPLIST_FILE = HypnoNerd/Info.plist;
				LD_RUNPATH_SEARCH_PATHS = "$(inherited) @executable_path/Frameworks";
				PRODUCT_NAME = "$(TARGET_NAME)";
			};
			name = Release;
		};
		18BEC8131B7A0EB60011943C /* Debug */ = {
			isa = XCBuildConfiguration;
			buildSettings = {
				BUNDLE_LOADER = "$(TEST_HOST)";
				FRAMEWORK_SEARCH_PATHS = (
					"$(SDKROOT)/Developer/Library/Frameworks",
					"$(inherited)",
				);
				GCC_PREPROCESSOR_DEFINITIONS = (
					"DEBUG=1",
					"$(inherited)",
				);
				INFOPLIST_FILE = HypnoNerdTests/Info.plist;
				LD_RUNPATH_SEARCH_PATHS = "$(inherited) @executable_path/Frameworks @loader_path/Frameworks";
				PRODUCT_NAME = "$(TARGET_NAME)";
				TEST_HOST = "$(BUILT_PRODUCTS_DIR)/HypnoNerd.app/HypnoNerd";
			};
			name = Debug;
		};
		18BEC8141B7A0EB60011943C /* Release */ = {
			isa = XCBuildConfiguration;
			buildSettings = {
				BUNDLE_LOADER = "$(TEST_HOST)";
				FRAMEWORK_SEARCH_PATHS = (
					"$(SDKROOT)/Developer/Library/Frameworks",
					"$(inherited)",
				);
				INFOPLIST_FILE = HypnoNerdTests/Info.plist;
				LD_RUNPATH_SEARCH_PATHS = "$(inherited) @executable_path/Frameworks @loader_path/Frameworks";
				PRODUCT_NAME = "$(TARGET_NAME)";
				TEST_HOST = "$(BUILT_PRODUCTS_DIR)/HypnoNerd.app/HypnoNerd";
			};
			name = Release;
		};
/* End XCBuildConfiguration section */

/* Begin XCConfigurationList section */
		18BEC7E71B7A0EB60011943C /* Build configuration list for PBXProject "HypnoNerd" */ = {
			isa = XCConfigurationList;
			buildConfigurations = (
				18BEC80D1B7A0EB60011943C /* Debug */,
				18BEC80E1B7A0EB60011943C /* Release */,
			);
			defaultConfigurationIsVisible = 0;
			defaultConfigurationName = Release;
		};
		18BEC80F1B7A0EB60011943C /* Build configuration list for PBXNativeTarget "HypnoNerd" */ = {
			isa = XCConfigurationList;
			buildConfigurations = (
				18BEC8101B7A0EB60011943C /* Debug */,
				18BEC8111B7A0EB60011943C /* Release */,
			);
			defaultConfigurationIsVisible = 0;
			defaultConfigurationName = Release;
		};
		18BEC8121B7A0EB60011943C /* Build configuration list for PBXNativeTarget "HypnoNerdTests" */ = {
			isa = XCConfigurationList;
			buildConfigurations = (
				18BEC8131B7A0EB60011943C /* Debug */,
				18BEC8141B7A0EB60011943C /* Release */,
			);
			defaultConfigurationIsVisible = 0;
			defaultConfigurationName = Release;
		};
/* End XCConfigurationList section */
	};
	rootObject = 18BEC7E41B7A0EB60011943C /* Project object */;
}
