// !$*UTF8*$!
{
	archiveVersion = 1;
	classes = {
	};
	objectVersion = 46;
	objects = {

/* Begin PBXBuildFile section */
		18D7DC871B933F2B00654477 /* main.m in Sources */ = {isa = PBXBuildFile; fileRef = 18D7DC861B933F2B00654477 /* main.m */; };
		18D7DC8A1B933F2B00654477 /* AppDelegate.m in Sources */ = {isa = PBXBuildFile; fileRef = 18D7DC891B933F2B00654477 /* AppDelegate.m */; };
		18D7DC921B933F2B00654477 /* Images.xcassets in Resources */ = {isa = PBXBuildFile; fileRef = 18D7DC911B933F2B00654477 /* Images.xcassets */; };
		18D7DC951B933F2B00654477 /* LaunchScreen.xib in Resources */ = {isa = PBXBuildFile; fileRef = 18D7DC931B933F2B00654477 /* LaunchScreen.xib */; };
		18D7DCA11B933F2B00654477 /* TouchTrackerTests.m in Sources */ = {isa = PBXBuildFile; fileRef = 18D7DCA01B933F2B00654477 /* TouchTrackerTests.m */; };
/* End PBXBuildFile section */

/* Begin PBXContainerItemProxy section */
		18D7DC9B1B933F2B00654477 /* PBXContainerItemProxy */ = {
			isa = PBXContainerItemProxy;
			containerPortal = 18D7DC791B933F2B00654477 /* Project object */;
			proxyType = 1;
			remoteGlobalIDString = 18D7DC801B933F2B00654477;
			remoteInfo = TouchTracker;
		};
/* End PBXContainerItemProxy section */

/* Begin PBXFileReference section */
		18D7DC811B933F2B00654477 /* TouchTracker.app */ = {isa = PBXFileReference; explicitFileType = wrapper.application; includeInIndex = 0; path = TouchTracker.app; sourceTree = BUILT_PRODUCTS_DIR; };
		18D7DC851B933F2B00654477 /* Info.plist */ = {isa = PBXFileReference; lastKnownFileType = text.plist.xml; path = Info.plist; sourceTree = "<group>"; };
		18D7DC861B933F2B00654477 /* main.m */ = {isa = PBXFileReference; lastKnownFileType = sourcecode.c.objc; path = main.m; sourceTree = "<group>"; };
		18D7DC881B933F2B00654477 /* AppDelegate.h */ = {isa = PBXFileReference; lastKnownFileType = sourcecode.c.h; path = AppDelegate.h; sourceTree = "<group>"; };
		18D7DC891B933F2B00654477 /* AppDelegate.m */ = {isa = PBXFileReference; lastKnownFileType = sourcecode.c.objc; path = AppDelegate.m; sourceTree = "<group>"; };
		18D7DC911B933F2B00654477 /* Images.xcassets */ = {isa = PBXFileReference; lastKnownFileType = folder.assetcatalog; path = Images.xcassets; sourceTree = "<group>"; };
		18D7DC941B933F2B00654477 /* Base */ = {isa = PBXFileReference; lastKnownFileType = file.xib; name = Base; path = Base.lproj/LaunchScreen.xib; sourceTree = "<group>"; };
		18D7DC9A1B933F2B00654477 /* TouchTrackerTests.xctest */ = {isa = PBXFileReference; explicitFileType = wrapper.cfbundle; includeInIndex = 0; path = TouchTrackerTests.xctest; sourceTree = BUILT_PRODUCTS_DIR; };
		18D7DC9F1B933F2B00654477 /* Info.plist */ = {isa = PBXFileReference; lastKnownFileType = text.plist.xml; path = Info.plist; sourceTree = "<group>"; };
		18D7DCA01B933F2B00654477 /* TouchTrackerTests.m */ = {isa = PBXFileReference; lastKnownFileType = sourcecode.c.objc; path = TouchTrackerTests.m; sourceTree = "<group>"; };
/* End PBXFileReference section */

/* Begin PBXFrameworksBuildPhase section */
		18D7DC7E1B933F2B00654477 /* Frameworks */ = {
			isa = PBXFrameworksBuildPhase;
			buildActionMask = 2147483647;
			files = (
			);
			runOnlyForDeploymentPostprocessing = 0;
		};
		18D7DC971B933F2B00654477 /* Frameworks */ = {
			isa = PBXFrameworksBuildPhase;
			buildActionMask = 2147483647;
			files = (
			);
			runOnlyForDeploymentPostprocessing = 0;
		};
/* End PBXFrameworksBuildPhase section */

/* Begin PBXGroup section */
		18D7DC781B933F2B00654477 = {
			isa = PBXGroup;
			children = (
				18D7DC831B933F2B00654477 /* TouchTracker */,
				18D7DC9D1B933F2B00654477 /* TouchTrackerTests */,
				18D7DC821B933F2B00654477 /* Products */,
			);
			sourceTree = "<group>";
		};
		18D7DC821B933F2B00654477 /* Products */ = {
			isa = PBXGroup;
			children = (
				18D7DC811B933F2B00654477 /* TouchTracker.app */,
				18D7DC9A1B933F2B00654477 /* TouchTrackerTests.xctest */,
			);
			name = Products;
			sourceTree = "<group>";
		};
		18D7DC831B933F2B00654477 /* TouchTracker */ = {
			isa = PBXGroup;
			children = (
				18D7DC881B933F2B00654477 /* AppDelegate.h */,
				18D7DC891B933F2B00654477 /* AppDelegate.m */,
				18D7DC911B933F2B00654477 /* Images.xcassets */,
				18D7DC931B933F2B00654477 /* LaunchScreen.xib */,
				18D7DC841B933F2B00654477 /* Supporting Files */,
			);
			path = TouchTracker;
			sourceTree = "<group>";
		};
		18D7DC841B933F2B00654477 /* Supporting Files */ = {
			isa = PBXGroup;
			children = (
				18D7DC851B933F2B00654477 /* Info.plist */,
				18D7DC861B933F2B00654477 /* main.m */,
			);
			name = "Supporting Files";
			sourceTree = "<group>";
		};
		18D7DC9D1B933F2B00654477 /* TouchTrackerTests */ = {
			isa = PBXGroup;
			children = (
				18D7DCA01B933F2B00654477 /* TouchTrackerTests.m */,
				18D7DC9E1B933F2B00654477 /* Supporting Files */,
			);
			path = TouchTrackerTests;
			sourceTree = "<group>";
		};
		18D7DC9E1B933F2B00654477 /* Supporting Files */ = {
			isa = PBXGroup;
			children = (
				18D7DC9F1B933F2B00654477 /* Info.plist */,
			);
			name = "Supporting Files";
			sourceTree = "<group>";
		};
/* End PBXGroup section */

/* Begin PBXNativeTarget section */
		18D7DC801B933F2B00654477 /* TouchTracker */ = {
			isa = PBXNativeTarget;
			buildConfigurationList = 18D7DCA41B933F2B00654477 /* Build configuration list for PBXNativeTarget "TouchTracker" */;
			buildPhases = (
				18D7DC7D1B933F2B00654477 /* Sources */,
				18D7DC7E1B933F2B00654477 /* Frameworks */,
				18D7DC7F1B933F2B00654477 /* Resources */,
			);
			buildRules = (
			);
			dependencies = (
			);
			name = TouchTracker;
			productName = TouchTracker;
			productReference = 18D7DC811B933F2B00654477 /* TouchTracker.app */;
			productType = "com.apple.product-type.application";
		};
		18D7DC991B933F2B00654477 /* TouchTrackerTests */ = {
			isa = PBXNativeTarget;
			buildConfigurationList = 18D7DCA71B933F2B00654477 /* Build configuration list for PBXNativeTarget "TouchTrackerTests" */;
			buildPhases = (
				18D7DC961B933F2B00654477 /* Sources */,
				18D7DC971B933F2B00654477 /* Frameworks */,
				18D7DC981B933F2B00654477 /* Resources */,
			);
			buildRules = (
			);
			dependencies = (
				18D7DC9C1B933F2B00654477 /* PBXTargetDependency */,
			);
			name = TouchTrackerTests;
			productName = TouchTrackerTests;
			productReference = 18D7DC9A1B933F2B00654477 /* TouchTrackerTests.xctest */;
			productType = "com.apple.product-type.bundle.unit-test";
		};
/* End PBXNativeTarget section */

/* Begin PBXProject section */
		18D7DC791B933F2B00654477 /* Project object */ = {
			isa = PBXProject;
			attributes = {
				LastUpgradeCheck = 0640;
				ORGANIZATIONNAME = futantan;
				TargetAttributes = {
					18D7DC801B933F2B00654477 = {
						CreatedOnToolsVersion = 6.4;
					};
					18D7DC991B933F2B00654477 = {
						CreatedOnToolsVersion = 6.4;
						TestTargetID = 18D7DC801B933F2B00654477;
					};
				};
			};
			buildConfigurationList = 18D7DC7C1B933F2B00654477 /* Build configuration list for PBXProject "TouchTracker" */;
			compatibilityVersion = "Xcode 3.2";
			developmentRegion = English;
			hasScannedForEncodings = 0;
			knownRegions = (
				en,
				Base,
			);
			mainGroup = 18D7DC781B933F2B00654477;
			productRefGroup = 18D7DC821B933F2B00654477 /* Products */;
			projectDirPath = "";
			projectRoot = "";
			targets = (
				18D7DC801B933F2B00654477 /* TouchTracker */,
				18D7DC991B933F2B00654477 /* TouchTrackerTests */,
			);
		};
/* End PBXProject section */

/* Begin PBXResourcesBuildPhase section */
		18D7DC7F1B933F2B00654477 /* Resources */ = {
			isa = PBXResourcesBuildPhase;
			buildActionMask = 2147483647;
			files = (
				18D7DC951B933F2B00654477 /* LaunchScreen.xib in Resources */,
				18D7DC921B933F2B00654477 /* Images.xcassets in Resources */,
			);
			runOnlyForDeploymentPostprocessing = 0;
		};
		18D7DC981B933F2B00654477 /* Resources */ = {
			isa = PBXResourcesBuildPhase;
			buildActionMask = 2147483647;
			files = (
			);
			runOnlyForDeploymentPostprocessing = 0;
		};
/* End PBXResourcesBuildPhase section */

/* Begin PBXSourcesBuildPhase section */
		18D7DC7D1B933F2B00654477 /* Sources */ = {
			isa = PBXSourcesBuildPhase;
			buildActionMask = 2147483647;
			files = (
				18D7DC8A1B933F2B00654477 /* AppDelegate.m in Sources */,
				18D7DC871B933F2B00654477 /* main.m in Sources */,
			);
			runOnlyForDeploymentPostprocessing = 0;
		};
		18D7DC961B933F2B00654477 /* Sources */ = {
			isa = PBXSourcesBuildPhase;
			buildActionMask = 2147483647;
			files = (
				18D7DCA11B933F2B00654477 /* TouchTrackerTests.m in Sources */,
			);
			runOnlyForDeploymentPostprocessing = 0;
		};
/* End PBXSourcesBuildPhase section */

/* Begin PBXTargetDependency section */
		18D7DC9C1B933F2B00654477 /* PBXTargetDependency */ = {
			isa = PBXTargetDependency;
			target = 18D7DC801B933F2B00654477 /* TouchTracker */;
			targetProxy = 18D7DC9B1B933F2B00654477 /* PBXContainerItemProxy */;
		};
/* End PBXTargetDependency section */

/* Begin PBXVariantGroup section */
		18D7DC931B933F2B00654477 /* LaunchScreen.xib */ = {
			isa = PBXVariantGroup;
			children = (
				18D7DC941B933F2B00654477 /* Base */,
			);
			name = LaunchScreen.xib;
			sourceTree = "<group>";
		};
/* End PBXVariantGroup section */

/* Begin XCBuildConfiguration section */
		18D7DCA21B933F2B00654477 /* Debug */ = {
			isa = XCBuildConfiguration;
			buildSettings = {
				ALWAYS_SEARCH_USER_PATHS = NO;
				CLANG_CXX_LANGUAGE_STANDARD = "gnu++0x";
				CLANG_CXX_LIBRARY = "libc++";
				CLANG_ENABLE_MODULES = YES;
				CLANG_ENABLE_OBJC_ARC = YES;
				CLANG_WARN_BOOL_CONVERSION = YES;
				CLANG_WARN_CONSTANT_CONVERSION = YES;
				CLANG_WARN_DIRECT_OBJC_ISA_USAGE = YES_ERROR;
				CLANG_WARN_EMPTY_BODY = YES;
				CLANG_WARN_ENUM_CONVERSION = YES;
				CLANG_WARN_INT_CONVERSION = YES;
				CLANG_WARN_OBJC_ROOT_CLASS = YES_ERROR;
				CLANG_WARN_UNREACHABLE_CODE = YES;
				CLANG_WARN__DUPLICATE_METHOD_MATCH = YES;
				"CODE_SIGN_IDENTITY[sdk=iphoneos*]" = "iPhone Developer";
				COPY_PHASE_STRIP = NO;
				DEBUG_INFORMATION_FORMAT = "dwarf-with-dsym";
				ENABLE_STRICT_OBJC_MSGSEND = YES;
				GCC_C_LANGUAGE_STANDARD = gnu99;
				GCC_DYNAMIC_NO_PIC = NO;
				GCC_NO_COMMON_BLOCKS = YES;
				GCC_OPTIMIZATION_LEVEL = 0;
				GCC_PREPROCESSOR_DEFINITIONS = (
					"DEBUG=1",
					"$(inherited)",
				);
				GCC_SYMBOLS_PRIVATE_EXTERN = NO;
				GCC_WARN_64_TO_32_BIT_CONVERSION = YES;
				GCC_WARN_ABOUT_RETURN_TYPE = YES_ERROR;
				GCC_WARN_UNDECLARED_SELECTOR = YES;
				GCC_WARN_UNINITIALIZED_AUTOS = YES_AGGRESSIVE;
				GCC_WARN_UNUSED_FUNCTION = YES;
				GCC_WARN_UNUSED_VARIABLE = YES;
				IPHONEOS_DEPLOYMENT_TARGET = 8.4;
				MTL_ENABLE_DEBUG_INFO = YES;
				ONLY_ACTIVE_ARCH = YES;
				SDKROOT = iphoneos;
			};
			name = Debug;
		};
		18D7DCA31B933F2B00654477 /* Release */ = {
			isa = XCBuildConfiguration;
			buildSettings = {
				ALWAYS_SEARCH_USER_PATHS = NO;
				CLANG_CXX_LANGUAGE_STANDARD = "gnu++0x";
				CLANG_CXX_LIBRARY = "libc++";
				CLANG_ENABLE_MODULES = YES;
				CLANG_ENABLE_OBJC_ARC = YES;
				CLANG_WARN_BOOL_CONVERSION = YES;
				CLANG_WARN_CONSTANT_CONVERSION = YES;
				CLANG_WARN_DIRECT_OBJC_ISA_USAGE = YES_ERROR;
				CLANG_WARN_EMPTY_BODY = YES;
				CLANG_WARN_ENUM_CONVERSION = YES;
				CLANG_WARN_INT_CONVERSION = YES;
				CLANG_WARN_OBJC_ROOT_CLASS = YES_ERROR;
				CLANG_WARN_UNREACHABLE_CODE = YES;
				CLANG_WARN__DUPLICATE_METHOD_MATCH = YES;
				"CODE_SIGN_IDENTITY[sdk=iphoneos*]" = "iPhone Developer";
				COPY_PHASE_STRIP = NO;
				DEBUG_INFORMATION_FORMAT = "dwarf-with-dsym";
				ENABLE_NS_ASSERTIONS = NO;
				ENABLE_STRICT_OBJC_MSGSEND = YES;
				GCC_C_LANGUAGE_STANDARD = gnu99;
				GCC_NO_COMMON_BLOCKS = YES;
				GCC_WARN_64_TO_32_BIT_CONVERSION = YES;
				GCC_WARN_ABOUT_RETURN_TYPE = YES_ERROR;
				GCC_WARN_UNDECLARED_SELECTOR = YES;
				GCC_WARN_UNINITIALIZED_AUTOS = YES_AGGRESSIVE;
				GCC_WARN_UNUSED_FUNCTION = YES;
				GCC_WARN_UNUSED_VARIABLE = YES;
				IPHONEOS_DEPLOYMENT_TARGET = 8.4;
				MTL_ENABLE_DEBUG_INFO = NO;
				SDKROOT = iphoneos;
				VALIDATE_PRODUCT = YES;
			};
			name = Release;
		};
		18D7DCA51B933F2B00654477 /* Debug */ = {
			isa = XCBuildConfiguration;
			buildSettings = {
				ASSETCATALOG_COMPILER_APPICON_NAME = AppIcon;
				INFOPLIST_FILE = TouchTracker/Info.plist;
				LD_RUNPATH_SEARCH_PATHS = "$(inherited) @executable_path/Frameworks";
				PRODUCT_NAME = "$(TARGET_NAME)";
			};
			name = Debug;
		};
		18D7DCA61B933F2B00654477 /* Release */ = {
			isa = XCBuildConfiguration;
			buildSettings = {
				ASSETCATALOG_COMPILER_APPICON_NAME = AppIcon;
				INFOPLIST_FILE = TouchTracker/Info.plist;
				LD_RUNPATH_SEARCH_PATHS = "$(inherited) @executable_path/Frameworks";
				PRODUCT_NAME = "$(TARGET_NAME)";
			};
			name = Release;
		};
		18D7DCA81B933F2B00654477 /* Debug */ = {
			isa = XCBuildConfiguration;
			buildSettings = {
				BUNDLE_LOADER = "$(TEST_HOST)";
				FRAMEWORK_SEARCH_PATHS = (
					"$(SDKROOT)/Developer/Library/Frameworks",
					"$(inherited)",
				);
				GCC_PREPROCESSOR_DEFINITIONS = (
					"DEBUG=1",
					"$(inherited)",
				);
				INFOPLIST_FILE = TouchTrackerTests/Info.plist;
				LD_RUNPATH_SEARCH_PATHS = "$(inherited) @executable_path/Frameworks @loader_path/Frameworks";
				PRODUCT_NAME = "$(TARGET_NAME)";
				TEST_HOST = "$(BUILT_PRODUCTS_DIR)/TouchTracker.app/TouchTracker";
			};
			name = Debug;
		};
		18D7DCA91B933F2B00654477 /* Release */ = {
			isa = XCBuildConfiguration;
			buildSettings = {
				BUNDLE_LOADER = "$(TEST_HOST)";
				FRAMEWORK_SEARCH_PATHS = (
					"$(SDKROOT)/Developer/Library/Frameworks",
					"$(inherited)",
				);
				INFOPLIST_FILE = TouchTrackerTests/Info.plist;
				LD_RUNPATH_SEARCH_PATHS = "$(inherited) @executable_path/Frameworks @loader_path/Frameworks";
				PRODUCT_NAME = "$(TARGET_NAME)";
				TEST_HOST = "$(BUILT_PRODUCTS_DIR)/TouchTracker.app/TouchTracker";
			};
			name = Release;
		};
/* End XCBuildConfiguration section */

/* Begin XCConfigurationList section */
		18D7DC7C1B933F2B00654477 /* Build configuration list for PBXProject "TouchTracker" */ = {
			isa = XCConfigurationList;
			buildConfigurations = (
				18D7DCA21B933F2B00654477 /* Debug */,
				18D7DCA31B933F2B00654477 /* Release */,
			);
			defaultConfigurationIsVisible = 0;
			defaultConfigurationName = Release;
		};
		18D7DCA41B933F2B00654477 /* Build configuration list for PBXNativeTarget "TouchTracker" */ = {
			isa = XCConfigurationList;
			buildConfigurations = (
				18D7DCA51B933F2B00654477 /* Debug */,
				18D7DCA61B933F2B00654477 /* Release */,
			);
			defaultConfigurationIsVisible = 0;
		};
		18D7DCA71B933F2B00654477 /* Build configuration list for PBXNativeTarget "TouchTrackerTests" */ = {
			isa = XCConfigurationList;
			buildConfigurations = (
				18D7DCA81B933F2B00654477 /* Debug */,
				18D7DCA91B933F2B00654477 /* Release */,
			);
			defaultConfigurationIsVisible = 0;
		};
/* End XCConfigurationList section */
	};
	rootObject = 18D7DC791B933F2B00654477 /* Project object */;
}
